// !$*UTF8*$!
{
	archiveVersion = 1;
	classes = {
	};
	objectVersion = 56;
	objects = {

/* Begin PBXBuildFile section */
		D26267EA29ACC4E6009BFC96 /* Profile.swift in Sources */ = {isa = PBXBuildFile; fileRef = D26267E929ACC4E6009BFC96 /* Profile.swift */; };
		D26267EC29ACC593009BFC96 /* LoginClient.swift in Sources */ = {isa = PBXBuildFile; fileRef = D26267EB29ACC593009BFC96 /* LoginClient.swift */; };
		D26267EF29ACC8BC009BFC96 /* API.swift in Sources */ = {isa = PBXBuildFile; fileRef = D26267EE29ACC8BC009BFC96 /* API.swift */; };
		D26267F229ACF77F009BFC96 /* DataStore.swift in Sources */ = {isa = PBXBuildFile; fileRef = D26267F129ACF77F009BFC96 /* DataStore.swift */; };
		D2EAF0F929AB9BFF00E7CADC /* TaskRatchet_iOSApp.swift in Sources */ = {isa = PBXBuildFile; fileRef = D2EAF0F829AB9BFF00E7CADC /* TaskRatchet_iOSApp.swift */; };
		D2EAF0FB29AB9BFF00E7CADC /* LoginView.swift in Sources */ = {isa = PBXBuildFile; fileRef = D2EAF0FA29AB9BFF00E7CADC /* LoginView.swift */; };
		D2EAF0FD29AB9C0000E7CADC /* Assets.xcassets in Resources */ = {isa = PBXBuildFile; fileRef = D2EAF0FC29AB9C0000E7CADC /* Assets.xcassets */; };
		D2EAF10129AB9C0000E7CADC /* Preview Assets.xcassets in Resources */ = {isa = PBXBuildFile; fileRef = D2EAF10029AB9C0000E7CADC /* Preview Assets.xcassets */; };
		D2EAF10B29AB9C0000E7CADC /* TaskRatchet_iOSTests.swift in Sources */ = {isa = PBXBuildFile; fileRef = D2EAF10A29AB9C0000E7CADC /* TaskRatchet_iOSTests.swift */; };
		D2EAF11529AB9C0000E7CADC /* TaskRatchet_iOSUITests.swift in Sources */ = {isa = PBXBuildFile; fileRef = D2EAF11429AB9C0000E7CADC /* TaskRatchet_iOSUITests.swift */; };
		D2EAF11729AB9C0000E7CADC /* TaskRatchet_iOSUITestsLaunchTests.swift in Sources */ = {isa = PBXBuildFile; fileRef = D2EAF11629AB9C0000E7CADC /* TaskRatchet_iOSUITestsLaunchTests.swift */; };
		D2EAF12829ABA61D00E7CADC /* ComposableArchitecture in Frameworks */ = {isa = PBXBuildFile; productRef = D2EAF12729ABA61D00E7CADC /* ComposableArchitecture */; };
		D2EAF12B29ABC81F00E7CADC /* Root.swift in Sources */ = {isa = PBXBuildFile; fileRef = D2EAF12A29ABC81F00E7CADC /* Root.swift */; };
		D2EAF12D29ABC8B900E7CADC /* Login.swift in Sources */ = {isa = PBXBuildFile; fileRef = D2EAF12C29ABC8B900E7CADC /* Login.swift */; };
		D2EAF12F29ABCBA100E7CADC /* RootView.swift in Sources */ = {isa = PBXBuildFile; fileRef = D2EAF12E29ABCBA100E7CADC /* RootView.swift */; };
/* End PBXBuildFile section */

/* Begin PBXContainerItemProxy section */
		D2EAF10729AB9C0000E7CADC /* PBXContainerItemProxy */ = {
			isa = PBXContainerItemProxy;
			containerPortal = D2EAF0ED29AB9BFF00E7CADC /* Project object */;
			proxyType = 1;
			remoteGlobalIDString = D2EAF0F429AB9BFF00E7CADC;
			remoteInfo = "TaskRatchet-iOS";
		};
		D2EAF11129AB9C0000E7CADC /* PBXContainerItemProxy */ = {
			isa = PBXContainerItemProxy;
			containerPortal = D2EAF0ED29AB9BFF00E7CADC /* Project object */;
			proxyType = 1;
			remoteGlobalIDString = D2EAF0F429AB9BFF00E7CADC;
			remoteInfo = "TaskRatchet-iOS";
		};
/* End PBXContainerItemProxy section */

/* Begin PBXFileReference section */
		D26267E929ACC4E6009BFC96 /* Profile.swift */ = {isa = PBXFileReference; lastKnownFileType = sourcecode.swift; path = Profile.swift; sourceTree = "<group>"; };
		D26267EB29ACC593009BFC96 /* LoginClient.swift */ = {isa = PBXFileReference; lastKnownFileType = sourcecode.swift; path = LoginClient.swift; sourceTree = "<group>"; };
		D26267EE29ACC8BC009BFC96 /* API.swift */ = {isa = PBXFileReference; lastKnownFileType = sourcecode.swift; path = API.swift; sourceTree = "<group>"; };
		D26267F129ACF77F009BFC96 /* DataStore.swift */ = {isa = PBXFileReference; lastKnownFileType = sourcecode.swift; path = DataStore.swift; sourceTree = "<group>"; };
		D2EAF0F529AB9BFF00E7CADC /* TaskRatchet-iOS.app */ = {isa = PBXFileReference; explicitFileType = wrapper.application; includeInIndex = 0; path = "TaskRatchet-iOS.app"; sourceTree = BUILT_PRODUCTS_DIR; };
		D2EAF0F829AB9BFF00E7CADC /* TaskRatchet_iOSApp.swift */ = {isa = PBXFileReference; lastKnownFileType = sourcecode.swift; path = TaskRatchet_iOSApp.swift; sourceTree = "<group>"; };
		D2EAF0FA29AB9BFF00E7CADC /* LoginView.swift */ = {isa = PBXFileReference; lastKnownFileType = sourcecode.swift; path = LoginView.swift; sourceTree = "<group>"; };
		D2EAF0FC29AB9C0000E7CADC /* Assets.xcassets */ = {isa = PBXFileReference; lastKnownFileType = folder.assetcatalog; path = Assets.xcassets; sourceTree = "<group>"; };
		D2EAF0FE29AB9C0000E7CADC /* TaskRatchet_iOS.entitlements */ = {isa = PBXFileReference; lastKnownFileType = text.plist.entitlements; path = TaskRatchet_iOS.entitlements; sourceTree = "<group>"; };
		D2EAF10029AB9C0000E7CADC /* Preview Assets.xcassets */ = {isa = PBXFileReference; lastKnownFileType = folder.assetcatalog; path = "Preview Assets.xcassets"; sourceTree = "<group>"; };
		D2EAF10629AB9C0000E7CADC /* TaskRatchet-iOSTests.xctest */ = {isa = PBXFileReference; explicitFileType = wrapper.cfbundle; includeInIndex = 0; path = "TaskRatchet-iOSTests.xctest"; sourceTree = BUILT_PRODUCTS_DIR; };
		D2EAF10A29AB9C0000E7CADC /* TaskRatchet_iOSTests.swift */ = {isa = PBXFileReference; lastKnownFileType = sourcecode.swift; path = TaskRatchet_iOSTests.swift; sourceTree = "<group>"; };
		D2EAF11029AB9C0000E7CADC /* TaskRatchet-iOSUITests.xctest */ = {isa = PBXFileReference; explicitFileType = wrapper.cfbundle; includeInIndex = 0; path = "TaskRatchet-iOSUITests.xctest"; sourceTree = BUILT_PRODUCTS_DIR; };
		D2EAF11429AB9C0000E7CADC /* TaskRatchet_iOSUITests.swift */ = {isa = PBXFileReference; lastKnownFileType = sourcecode.swift; path = TaskRatchet_iOSUITests.swift; sourceTree = "<group>"; };
		D2EAF11629AB9C0000E7CADC /* TaskRatchet_iOSUITestsLaunchTests.swift */ = {isa = PBXFileReference; lastKnownFileType = sourcecode.swift; path = TaskRatchet_iOSUITestsLaunchTests.swift; sourceTree = "<group>"; };
		D2EAF12A29ABC81F00E7CADC /* Root.swift */ = {isa = PBXFileReference; lastKnownFileType = sourcecode.swift; path = Root.swift; sourceTree = "<group>"; };
		D2EAF12C29ABC8B900E7CADC /* Login.swift */ = {isa = PBXFileReference; lastKnownFileType = sourcecode.swift; path = Login.swift; sourceTree = "<group>"; };
		D2EAF12E29ABCBA100E7CADC /* RootView.swift */ = {isa = PBXFileReference; lastKnownFileType = sourcecode.swift; path = RootView.swift; sourceTree = "<group>"; };
/* End PBXFileReference section */

/* Begin PBXFrameworksBuildPhase section */
		D2EAF0F229AB9BFF00E7CADC /* Frameworks */ = {
			isa = PBXFrameworksBuildPhase;
			buildActionMask = 2147483647;
			files = (
				D2EAF12829ABA61D00E7CADC /* ComposableArchitecture in Frameworks */,
			);
			runOnlyForDeploymentPostprocessing = 0;
		};
		D2EAF10329AB9C0000E7CADC /* Frameworks */ = {
			isa = PBXFrameworksBuildPhase;
			buildActionMask = 2147483647;
			files = (
			);
			runOnlyForDeploymentPostprocessing = 0;
		};
		D2EAF10D29AB9C0000E7CADC /* Frameworks */ = {
			isa = PBXFrameworksBuildPhase;
			buildActionMask = 2147483647;
			files = (
			);
			runOnlyForDeploymentPostprocessing = 0;
		};
/* End PBXFrameworksBuildPhase section */

/* Begin PBXGroup section */
		D26267E829ACC4DB009BFC96 /* Model */ = {
			isa = PBXGroup;
			children = (
				D26267E929ACC4E6009BFC96 /* Profile.swift */,
			);
			path = Model;
			sourceTree = "<group>";
		};
		D26267ED29ACC8B5009BFC96 /* API */ = {
			isa = PBXGroup;
			children = (
				D26267EE29ACC8BC009BFC96 /* API.swift */,
			);
			path = API;
			sourceTree = "<group>";
		};
		D26267F029ACF768009BFC96 /* Persistence */ = {
			isa = PBXGroup;
			children = (
				D26267F129ACF77F009BFC96 /* DataStore.swift */,
			);
			path = Persistence;
			sourceTree = "<group>";
		};
		D2EAF0EC29AB9BFF00E7CADC = {
			isa = PBXGroup;
			children = (
				D2EAF0F729AB9BFF00E7CADC /* TaskRatchet-iOS */,
				D2EAF10929AB9C0000E7CADC /* TaskRatchet-iOSTests */,
				D2EAF11329AB9C0000E7CADC /* TaskRatchet-iOSUITests */,
				D2EAF0F629AB9BFF00E7CADC /* Products */,
			);
			sourceTree = "<group>";
		};
		D2EAF0F629AB9BFF00E7CADC /* Products */ = {
			isa = PBXGroup;
			children = (
				D2EAF0F529AB9BFF00E7CADC /* TaskRatchet-iOS.app */,
				D2EAF10629AB9C0000E7CADC /* TaskRatchet-iOSTests.xctest */,
				D2EAF11029AB9C0000E7CADC /* TaskRatchet-iOSUITests.xctest */,
			);
			name = Products;
			sourceTree = "<group>";
		};
		D2EAF0F729AB9BFF00E7CADC /* TaskRatchet-iOS */ = {
			isa = PBXGroup;
			children = (
				D26267F029ACF768009BFC96 /* Persistence */,
				D26267ED29ACC8B5009BFC96 /* API */,
				D26267E829ACC4DB009BFC96 /* Model */,
				D2EAF12929ABC81100E7CADC /* Root */,
				D2EAF12329AB9E1D00E7CADC /* Login */,
				D2EAF0F829AB9BFF00E7CADC /* TaskRatchet_iOSApp.swift */,
				D2EAF0FC29AB9C0000E7CADC /* Assets.xcassets */,
				D2EAF0FE29AB9C0000E7CADC /* TaskRatchet_iOS.entitlements */,
				D2EAF0FF29AB9C0000E7CADC /* Preview Content */,
			);
			path = "TaskRatchet-iOS";
			sourceTree = "<group>";
		};
		D2EAF0FF29AB9C0000E7CADC /* Preview Content */ = {
			isa = PBXGroup;
			children = (
				D2EAF10029AB9C0000E7CADC /* Preview Assets.xcassets */,
			);
			path = "Preview Content";
			sourceTree = "<group>";
		};
		D2EAF10929AB9C0000E7CADC /* TaskRatchet-iOSTests */ = {
			isa = PBXGroup;
			children = (
				D2EAF10A29AB9C0000E7CADC /* TaskRatchet_iOSTests.swift */,
			);
			path = "TaskRatchet-iOSTests";
			sourceTree = "<group>";
		};
		D2EAF11329AB9C0000E7CADC /* TaskRatchet-iOSUITests */ = {
			isa = PBXGroup;
			children = (
				D2EAF11429AB9C0000E7CADC /* TaskRatchet_iOSUITests.swift */,
				D2EAF11629AB9C0000E7CADC /* TaskRatchet_iOSUITestsLaunchTests.swift */,
			);
			path = "TaskRatchet-iOSUITests";
			sourceTree = "<group>";
		};
		D2EAF12329AB9E1D00E7CADC /* Login */ = {
			isa = PBXGroup;
			children = (
				D2EAF12C29ABC8B900E7CADC /* Login.swift */,
				D2EAF0FA29AB9BFF00E7CADC /* LoginView.swift */,
				D26267EB29ACC593009BFC96 /* LoginClient.swift */,
			);
			path = Login;
			sourceTree = "<group>";
		};
		D2EAF12929ABC81100E7CADC /* Root */ = {
			isa = PBXGroup;
			children = (
				D2EAF12A29ABC81F00E7CADC /* Root.swift */,
				D2EAF12E29ABCBA100E7CADC /* RootView.swift */,
			);
			path = Root;
			sourceTree = "<group>";
		};
/* End PBXGroup section */

/* Begin PBXNativeTarget section */
		D2EAF0F429AB9BFF00E7CADC /* TaskRatchet-iOS */ = {
			isa = PBXNativeTarget;
			buildConfigurationList = D2EAF11A29AB9C0000E7CADC /* Build configuration list for PBXNativeTarget "TaskRatchet-iOS" */;
			buildPhases = (
				D2EAF0F129AB9BFF00E7CADC /* Sources */,
				D2EAF0F229AB9BFF00E7CADC /* Frameworks */,
				D2EAF0F329AB9BFF00E7CADC /* Resources */,
			);
			buildRules = (
			);
			dependencies = (
			);
			name = "TaskRatchet-iOS";
			packageProductDependencies = (
				D2EAF12729ABA61D00E7CADC /* ComposableArchitecture */,
			);
			productName = "TaskRatchet-iOS";
			productReference = D2EAF0F529AB9BFF00E7CADC /* TaskRatchet-iOS.app */;
			productType = "com.apple.product-type.application";
		};
		D2EAF10529AB9C0000E7CADC /* TaskRatchet-iOSTests */ = {
			isa = PBXNativeTarget;
			buildConfigurationList = D2EAF11D29AB9C0000E7CADC /* Build configuration list for PBXNativeTarget "TaskRatchet-iOSTests" */;
			buildPhases = (
				D2EAF10229AB9C0000E7CADC /* Sources */,
				D2EAF10329AB9C0000E7CADC /* Frameworks */,
				D2EAF10429AB9C0000E7CADC /* Resources */,
			);
			buildRules = (
			);
			dependencies = (
				D2EAF10829AB9C0000E7CADC /* PBXTargetDependency */,
			);
			name = "TaskRatchet-iOSTests";
			productName = "TaskRatchet-iOSTests";
			productReference = D2EAF10629AB9C0000E7CADC /* TaskRatchet-iOSTests.xctest */;
			productType = "com.apple.product-type.bundle.unit-test";
		};
		D2EAF10F29AB9C0000E7CADC /* TaskRatchet-iOSUITests */ = {
			isa = PBXNativeTarget;
			buildConfigurationList = D2EAF12029AB9C0000E7CADC /* Build configuration list for PBXNativeTarget "TaskRatchet-iOSUITests" */;
			buildPhases = (
				D2EAF10C29AB9C0000E7CADC /* Sources */,
				D2EAF10D29AB9C0000E7CADC /* Frameworks */,
				D2EAF10E29AB9C0000E7CADC /* Resources */,
			);
			buildRules = (
			);
			dependencies = (
				D2EAF11229AB9C0000E7CADC /* PBXTargetDependency */,
			);
			name = "TaskRatchet-iOSUITests";
			productName = "TaskRatchet-iOSUITests";
			productReference = D2EAF11029AB9C0000E7CADC /* TaskRatchet-iOSUITests.xctest */;
			productType = "com.apple.product-type.bundle.ui-testing";
		};
/* End PBXNativeTarget section */

/* Begin PBXProject section */
		D2EAF0ED29AB9BFF00E7CADC /* Project object */ = {
			isa = PBXProject;
			attributes = {
				BuildIndependentTargetsInParallel = 1;
				LastSwiftUpdateCheck = 1420;
				LastUpgradeCheck = 1420;
				TargetAttributes = {
					D2EAF0F429AB9BFF00E7CADC = {
						CreatedOnToolsVersion = 14.2;
					};
					D2EAF10529AB9C0000E7CADC = {
						CreatedOnToolsVersion = 14.2;
						TestTargetID = D2EAF0F429AB9BFF00E7CADC;
					};
					D2EAF10F29AB9C0000E7CADC = {
						CreatedOnToolsVersion = 14.2;
						TestTargetID = D2EAF0F429AB9BFF00E7CADC;
					};
				};
			};
			buildConfigurationList = D2EAF0F029AB9BFF00E7CADC /* Build configuration list for PBXProject "TaskRatchet-iOS" */;
			compatibilityVersion = "Xcode 14.0";
			developmentRegion = en;
			hasScannedForEncodings = 0;
			knownRegions = (
				en,
				Base,
			);
			mainGroup = D2EAF0EC29AB9BFF00E7CADC;
			packageReferences = (
				D2EAF12629ABA61D00E7CADC /* XCRemoteSwiftPackageReference "swift-composable-architecture" */,
			);
			productRefGroup = D2EAF0F629AB9BFF00E7CADC /* Products */;
			projectDirPath = "";
			projectRoot = "";
			targets = (
				D2EAF0F429AB9BFF00E7CADC /* TaskRatchet-iOS */,
				D2EAF10529AB9C0000E7CADC /* TaskRatchet-iOSTests */,
				D2EAF10F29AB9C0000E7CADC /* TaskRatchet-iOSUITests */,
			);
		};
/* End PBXProject section */

/* Begin PBXResourcesBuildPhase section */
		D2EAF0F329AB9BFF00E7CADC /* Resources */ = {
			isa = PBXResourcesBuildPhase;
			buildActionMask = 2147483647;
			files = (
				D2EAF10129AB9C0000E7CADC /* Preview Assets.xcassets in Resources */,
				D2EAF0FD29AB9C0000E7CADC /* Assets.xcassets in Resources */,
			);
			runOnlyForDeploymentPostprocessing = 0;
		};
		D2EAF10429AB9C0000E7CADC /* Resources */ = {
			isa = PBXResourcesBuildPhase;
			buildActionMask = 2147483647;
			files = (
			);
			runOnlyForDeploymentPostprocessing = 0;
		};
		D2EAF10E29AB9C0000E7CADC /* Resources */ = {
			isa = PBXResourcesBuildPhase;
			buildActionMask = 2147483647;
			files = (
			);
			runOnlyForDeploymentPostprocessing = 0;
		};
/* End PBXResourcesBuildPhase section */

/* Begin PBXSourcesBuildPhase section */
		D2EAF0F129AB9BFF00E7CADC /* Sources */ = {
			isa = PBXSourcesBuildPhase;
			buildActionMask = 2147483647;
			files = (
				D2EAF0FB29AB9BFF00E7CADC /* LoginView.swift in Sources */,
				D26267EA29ACC4E6009BFC96 /* Profile.swift in Sources */,
				D2EAF0F929AB9BFF00E7CADC /* TaskRatchet_iOSApp.swift in Sources */,
				D2EAF12B29ABC81F00E7CADC /* Root.swift in Sources */,
				D26267EC29ACC593009BFC96 /* LoginClient.swift in Sources */,
				D2EAF12D29ABC8B900E7CADC /* Login.swift in Sources */,
				D26267EF29ACC8BC009BFC96 /* API.swift in Sources */,
				D26267F229ACF77F009BFC96 /* DataStore.swift in Sources */,
				D2EAF12F29ABCBA100E7CADC /* RootView.swift in Sources */,
			);
			runOnlyForDeploymentPostprocessing = 0;
		};
		D2EAF10229AB9C0000E7CADC /* Sources */ = {
			isa = PBXSourcesBuildPhase;
			buildActionMask = 2147483647;
			files = (
				D2EAF10B29AB9C0000E7CADC /* TaskRatchet_iOSTests.swift in Sources */,
			);
			runOnlyForDeploymentPostprocessing = 0;
		};
		D2EAF10C29AB9C0000E7CADC /* Sources */ = {
			isa = PBXSourcesBuildPhase;
			buildActionMask = 2147483647;
			files = (
				D2EAF11529AB9C0000E7CADC /* TaskRatchet_iOSUITests.swift in Sources */,
				D2EAF11729AB9C0000E7CADC /* TaskRatchet_iOSUITestsLaunchTests.swift in Sources */,
			);
			runOnlyForDeploymentPostprocessing = 0;
		};
/* End PBXSourcesBuildPhase section */

/* Begin PBXTargetDependency section */
		D2EAF10829AB9C0000E7CADC /* PBXTargetDependency */ = {
			isa = PBXTargetDependency;
			target = D2EAF0F429AB9BFF00E7CADC /* TaskRatchet-iOS */;
			targetProxy = D2EAF10729AB9C0000E7CADC /* PBXContainerItemProxy */;
		};
		D2EAF11229AB9C0000E7CADC /* PBXTargetDependency */ = {
			isa = PBXTargetDependency;
			target = D2EAF0F429AB9BFF00E7CADC /* TaskRatchet-iOS */;
			targetProxy = D2EAF11129AB9C0000E7CADC /* PBXContainerItemProxy */;
		};
/* End PBXTargetDependency section */

/* Begin XCBuildConfiguration section */
		D2EAF11829AB9C0000E7CADC /* Debug */ = {
			isa = XCBuildConfiguration;
			buildSettings = {
				ALWAYS_SEARCH_USER_PATHS = NO;
				CLANG_ANALYZER_NONNULL = YES;
				CLANG_ANALYZER_NUMBER_OBJECT_CONVERSION = YES_AGGRESSIVE;
				CLANG_CXX_LANGUAGE_STANDARD = "gnu++20";
				CLANG_ENABLE_MODULES = YES;
				CLANG_ENABLE_OBJC_ARC = YES;
				CLANG_ENABLE_OBJC_WEAK = YES;
				CLANG_WARN_BLOCK_CAPTURE_AUTORELEASING = YES;
				CLANG_WARN_BOOL_CONVERSION = YES;
				CLANG_WARN_COMMA = YES;
				CLANG_WARN_CONSTANT_CONVERSION = YES;
				CLANG_WARN_DEPRECATED_OBJC_IMPLEMENTATIONS = YES;
				CLANG_WARN_DIRECT_OBJC_ISA_USAGE = YES_ERROR;
				CLANG_WARN_DOCUMENTATION_COMMENTS = YES;
				CLANG_WARN_EMPTY_BODY = YES;
				CLANG_WARN_ENUM_CONVERSION = YES;
				CLANG_WARN_INFINITE_RECURSION = YES;
				CLANG_WARN_INT_CONVERSION = YES;
				CLANG_WARN_NON_LITERAL_NULL_CONVERSION = YES;
				CLANG_WARN_OBJC_IMPLICIT_RETAIN_SELF = YES;
				CLANG_WARN_OBJC_LITERAL_CONVERSION = YES;
				CLANG_WARN_OBJC_ROOT_CLASS = YES_ERROR;
				CLANG_WARN_QUOTED_INCLUDE_IN_FRAMEWORK_HEADER = YES;
				CLANG_WARN_RANGE_LOOP_ANALYSIS = YES;
				CLANG_WARN_STRICT_PROTOTYPES = YES;
				CLANG_WARN_SUSPICIOUS_MOVE = YES;
				CLANG_WARN_UNGUARDED_AVAILABILITY = YES_AGGRESSIVE;
				CLANG_WARN_UNREACHABLE_CODE = YES;
				CLANG_WARN__DUPLICATE_METHOD_MATCH = YES;
				COPY_PHASE_STRIP = NO;
				DEBUG_INFORMATION_FORMAT = dwarf;
				ENABLE_STRICT_OBJC_MSGSEND = YES;
				ENABLE_TESTABILITY = YES;
				GCC_C_LANGUAGE_STANDARD = gnu11;
				GCC_DYNAMIC_NO_PIC = NO;
				GCC_NO_COMMON_BLOCKS = YES;
				GCC_OPTIMIZATION_LEVEL = 0;
				GCC_PREPROCESSOR_DEFINITIONS = (
					"DEBUG=1",
					"$(inherited)",
				);
				GCC_WARN_64_TO_32_BIT_CONVERSION = YES;
				GCC_WARN_ABOUT_RETURN_TYPE = YES_ERROR;
				GCC_WARN_UNDECLARED_SELECTOR = YES;
				GCC_WARN_UNINITIALIZED_AUTOS = YES_AGGRESSIVE;
				GCC_WARN_UNUSED_FUNCTION = YES;
				GCC_WARN_UNUSED_VARIABLE = YES;
				MTL_ENABLE_DEBUG_INFO = INCLUDE_SOURCE;
				MTL_FAST_MATH = YES;
				ONLY_ACTIVE_ARCH = YES;
				SWIFT_ACTIVE_COMPILATION_CONDITIONS = DEBUG;
				SWIFT_OPTIMIZATION_LEVEL = "-Onone";
			};
			name = Debug;
		};
		D2EAF11929AB9C0000E7CADC /* Release */ = {
			isa = XCBuildConfiguration;
			buildSettings = {
				ALWAYS_SEARCH_USER_PATHS = NO;
				CLANG_ANALYZER_NONNULL = YES;
				CLANG_ANALYZER_NUMBER_OBJECT_CONVERSION = YES_AGGRESSIVE;
				CLANG_CXX_LANGUAGE_STANDARD = "gnu++20";
				CLANG_ENABLE_MODULES = YES;
				CLANG_ENABLE_OBJC_ARC = YES;
				CLANG_ENABLE_OBJC_WEAK = YES;
				CLANG_WARN_BLOCK_CAPTURE_AUTORELEASING = YES;
				CLANG_WARN_BOOL_CONVERSION = YES;
				CLANG_WARN_COMMA = YES;
				CLANG_WARN_CONSTANT_CONVERSION = YES;
				CLANG_WARN_DEPRECATED_OBJC_IMPLEMENTATIONS = YES;
				CLANG_WARN_DIRECT_OBJC_ISA_USAGE = YES_ERROR;
				CLANG_WARN_DOCUMENTATION_COMMENTS = YES;
				CLANG_WARN_EMPTY_BODY = YES;
				CLANG_WARN_ENUM_CONVERSION = YES;
				CLANG_WARN_INFINITE_RECURSION = YES;
				CLANG_WARN_INT_CONVERSION = YES;
				CLANG_WARN_NON_LITERAL_NULL_CONVERSION = YES;
				CLANG_WARN_OBJC_IMPLICIT_RETAIN_SELF = YES;
				CLANG_WARN_OBJC_LITERAL_CONVERSION = YES;
				CLANG_WARN_OBJC_ROOT_CLASS = YES_ERROR;
				CLANG_WARN_QUOTED_INCLUDE_IN_FRAMEWORK_HEADER = YES;
				CLANG_WARN_RANGE_LOOP_ANALYSIS = YES;
				CLANG_WARN_STRICT_PROTOTYPES = YES;
				CLANG_WARN_SUSPICIOUS_MOVE = YES;
				CLANG_WARN_UNGUARDED_AVAILABILITY = YES_AGGRESSIVE;
				CLANG_WARN_UNREACHABLE_CODE = YES;
				CLANG_WARN__DUPLICATE_METHOD_MATCH = YES;
				COPY_PHASE_STRIP = NO;
				DEBUG_INFORMATION_FORMAT = "dwarf-with-dsym";
				ENABLE_NS_ASSERTIONS = NO;
				ENABLE_STRICT_OBJC_MSGSEND = YES;
				GCC_C_LANGUAGE_STANDARD = gnu11;
				GCC_NO_COMMON_BLOCKS = YES;
				GCC_WARN_64_TO_32_BIT_CONVERSION = YES;
				GCC_WARN_ABOUT_RETURN_TYPE = YES_ERROR;
				GCC_WARN_UNDECLARED_SELECTOR = YES;
				GCC_WARN_UNINITIALIZED_AUTOS = YES_AGGRESSIVE;
				GCC_WARN_UNUSED_FUNCTION = YES;
				GCC_WARN_UNUSED_VARIABLE = YES;
				MTL_ENABLE_DEBUG_INFO = NO;
				MTL_FAST_MATH = YES;
				SWIFT_COMPILATION_MODE = wholemodule;
				SWIFT_OPTIMIZATION_LEVEL = "-O";
			};
			name = Release;
		};
		D2EAF11B29AB9C0000E7CADC /* Debug */ = {
			isa = XCBuildConfiguration;
			buildSettings = {
				ASSETCATALOG_COMPILER_APPICON_NAME = AppIcon;
				ASSETCATALOG_COMPILER_GLOBAL_ACCENT_COLOR_NAME = AccentColor;
				CODE_SIGN_ENTITLEMENTS = "TaskRatchet-iOS/TaskRatchet_iOS.entitlements";
				CODE_SIGN_STYLE = Automatic;
				CURRENT_PROJECT_VERSION = 1;
				DEVELOPMENT_ASSET_PATHS = "\"TaskRatchet-iOS/Preview Content\"";
				DEVELOPMENT_TEAM = 72AM66HCAX;
				ENABLE_HARDENED_RUNTIME = YES;
				ENABLE_PREVIEWS = YES;
				GENERATE_INFOPLIST_FILE = YES;
				"INFOPLIST_KEY_UIApplicationSceneManifest_Generation[sdk=iphoneos*]" = YES;
				"INFOPLIST_KEY_UIApplicationSceneManifest_Generation[sdk=iphonesimulator*]" = YES;
				"INFOPLIST_KEY_UIApplicationSupportsIndirectInputEvents[sdk=iphoneos*]" = YES;
				"INFOPLIST_KEY_UIApplicationSupportsIndirectInputEvents[sdk=iphonesimulator*]" = YES;
				"INFOPLIST_KEY_UILaunchScreen_Generation[sdk=iphoneos*]" = YES;
				"INFOPLIST_KEY_UILaunchScreen_Generation[sdk=iphonesimulator*]" = YES;
				"INFOPLIST_KEY_UIStatusBarStyle[sdk=iphoneos*]" = UIStatusBarStyleDefault;
				"INFOPLIST_KEY_UIStatusBarStyle[sdk=iphonesimulator*]" = UIStatusBarStyleDefault;
				INFOPLIST_KEY_UISupportedInterfaceOrientations_iPad = "UIInterfaceOrientationPortrait UIInterfaceOrientationPortraitUpsideDown UIInterfaceOrientationLandscapeLeft UIInterfaceOrientationLandscapeRight";
				INFOPLIST_KEY_UISupportedInterfaceOrientations_iPhone = "UIInterfaceOrientationPortrait UIInterfaceOrientationLandscapeLeft UIInterfaceOrientationLandscapeRight";
				IPHONEOS_DEPLOYMENT_TARGET = 16.2;
				LD_RUNPATH_SEARCH_PATHS = "@executable_path/Frameworks";
				"LD_RUNPATH_SEARCH_PATHS[sdk=macosx*]" = "@executable_path/../Frameworks";
				MACOSX_DEPLOYMENT_TARGET = 13.1;
				MARKETING_VERSION = 1.0;
				PRODUCT_BUNDLE_IDENTIFIER = "com.thomaswdev.TaskRatchet-iOS";
				PRODUCT_NAME = "$(TARGET_NAME)";
				SDKROOT = auto;
				SUPPORTED_PLATFORMS = "iphoneos iphonesimulator macosx";
				SWIFT_EMIT_LOC_STRINGS = YES;
				SWIFT_VERSION = 5.0;
				TARGETED_DEVICE_FAMILY = "1,2";
			};
			name = Debug;
		};
		D2EAF11C29AB9C0000E7CADC /* Release */ = {
			isa = XCBuildConfiguration;
			buildSettings = {
				ASSETCATALOG_COMPILER_APPICON_NAME = AppIcon;
				ASSETCATALOG_COMPILER_GLOBAL_ACCENT_COLOR_NAME = AccentColor;
				CODE_SIGN_ENTITLEMENTS = "TaskRatchet-iOS/TaskRatchet_iOS.entitlements";
				CODE_SIGN_STYLE = Automatic;
				CURRENT_PROJECT_VERSION = 1;
				DEVELOPMENT_ASSET_PATHS = "\"TaskRatchet-iOS/Preview Content\"";
				DEVELOPMENT_TEAM = 72AM66HCAX;
				ENABLE_HARDENED_RUNTIME = YES;
				ENABLE_PREVIEWS = YES;
				GENERATE_INFOPLIST_FILE = YES;
				"INFOPLIST_KEY_UIApplicationSceneManifest_Generation[sdk=iphoneos*]" = YES;
				"INFOPLIST_KEY_UIApplicationSceneManifest_Generation[sdk=iphonesimulator*]" = YES;
				"INFOPLIST_KEY_UIApplicationSupportsIndirectInputEvents[sdk=iphoneos*]" = YES;
				"INFOPLIST_KEY_UIApplicationSupportsIndirectInputEvents[sdk=iphonesimulator*]" = YES;
				"INFOPLIST_KEY_UILaunchScreen_Generation[sdk=iphoneos*]" = YES;
				"INFOPLIST_KEY_UILaunchScreen_Generation[sdk=iphonesimulator*]" = YES;
				"INFOPLIST_KEY_UIStatusBarStyle[sdk=iphoneos*]" = UIStatusBarStyleDefault;
				"INFOPLIST_KEY_UIStatusBarStyle[sdk=iphonesimulator*]" = UIStatusBarStyleDefault;
				INFOPLIST_KEY_UISupportedInterfaceOrientations_iPad = "UIInterfaceOrientationPortrait UIInterfaceOrientationPortraitUpsideDown UIInterfaceOrientationLandscapeLeft UIInterfaceOrientationLandscapeRight";
				INFOPLIST_KEY_UISupportedInterfaceOrientations_iPhone = "UIInterfaceOrientationPortrait UIInterfaceOrientationLandscapeLeft UIInterfaceOrientationLandscapeRight";
				IPHONEOS_DEPLOYMENT_TARGET = 16.2;
				LD_RUNPATH_SEARCH_PATHS = "@executable_path/Frameworks";
				"LD_RUNPATH_SEARCH_PATHS[sdk=macosx*]" = "@executable_path/../Frameworks";
				MACOSX_DEPLOYMENT_TARGET = 13.1;
				MARKETING_VERSION = 1.0;
				PRODUCT_BUNDLE_IDENTIFIER = "com.thomaswdev.TaskRatchet-iOS";
				PRODUCT_NAME = "$(TARGET_NAME)";
				SDKROOT = auto;
				SUPPORTED_PLATFORMS = "iphoneos iphonesimulator macosx";
				SWIFT_EMIT_LOC_STRINGS = YES;
				SWIFT_VERSION = 5.0;
				TARGETED_DEVICE_FAMILY = "1,2";
			};
			name = Release;
		};
		D2EAF11E29AB9C0000E7CADC /* Debug */ = {
			isa = XCBuildConfiguration;
			buildSettings = {
				ALWAYS_EMBED_SWIFT_STANDARD_LIBRARIES = YES;
				BUNDLE_LOADER = "$(TEST_HOST)";
				CODE_SIGN_STYLE = Automatic;
				CURRENT_PROJECT_VERSION = 1;
				DEVELOPMENT_TEAM = 72AM66HCAX;
				GENERATE_INFOPLIST_FILE = YES;
				IPHONEOS_DEPLOYMENT_TARGET = 16.2;
				MACOSX_DEPLOYMENT_TARGET = 13.1;
				MARKETING_VERSION = 1.0;
				PRODUCT_BUNDLE_IDENTIFIER = "com.thomaswdev.TaskRatchet-iOSTests";
				PRODUCT_NAME = "$(TARGET_NAME)";
				SDKROOT = auto;
				SUPPORTED_PLATFORMS = "iphoneos iphonesimulator macosx";
				SWIFT_EMIT_LOC_STRINGS = NO;
				SWIFT_VERSION = 5.0;
				TARGETED_DEVICE_FAMILY = "1,2";
				TEST_HOST = "$(BUILT_PRODUCTS_DIR)/TaskRatchet-iOS.app/$(BUNDLE_EXECUTABLE_FOLDER_PATH)/TaskRatchet-iOS";
			};
			name = Debug;
		};
		D2EAF11F29AB9C0000E7CADC /* Release */ = {
			isa = XCBuildConfiguration;
			buildSettings = {
				ALWAYS_EMBED_SWIFT_STANDARD_LIBRARIES = YES;
				BUNDLE_LOADER = "$(TEST_HOST)";
				CODE_SIGN_STYLE = Automatic;
				CURRENT_PROJECT_VERSION = 1;
				DEVELOPMENT_TEAM = 72AM66HCAX;
				GENERATE_INFOPLIST_FILE = YES;
				IPHONEOS_DEPLOYMENT_TARGET = 16.2;
				MACOSX_DEPLOYMENT_TARGET = 13.1;
				MARKETING_VERSION = 1.0;
				PRODUCT_BUNDLE_IDENTIFIER = "com.thomaswdev.TaskRatchet-iOSTests";
				PRODUCT_NAME = "$(TARGET_NAME)";
				SDKROOT = auto;
				SUPPORTED_PLATFORMS = "iphoneos iphonesimulator macosx";
				SWIFT_EMIT_LOC_STRINGS = NO;
				SWIFT_VERSION = 5.0;
				TARGETED_DEVICE_FAMILY = "1,2";
				TEST_HOST = "$(BUILT_PRODUCTS_DIR)/TaskRatchet-iOS.app/$(BUNDLE_EXECUTABLE_FOLDER_PATH)/TaskRatchet-iOS";
			};
			name = Release;
		};
		D2EAF12129AB9C0000E7CADC /* Debug */ = {
			isa = XCBuildConfiguration;
			buildSettings = {
				ALWAYS_EMBED_SWIFT_STANDARD_LIBRARIES = YES;
				CODE_SIGN_STYLE = Automatic;
				CURRENT_PROJECT_VERSION = 1;
				DEVELOPMENT_TEAM = 72AM66HCAX;
				GENERATE_INFOPLIST_FILE = YES;
				IPHONEOS_DEPLOYMENT_TARGET = 16.2;
				MACOSX_DEPLOYMENT_TARGET = 13.1;
				MARKETING_VERSION = 1.0;
				PRODUCT_BUNDLE_IDENTIFIER = "com.thomaswdev.TaskRatchet-iOSUITests";
				PRODUCT_NAME = "$(TARGET_NAME)";
				SDKROOT = auto;
				SUPPORTED_PLATFORMS = "iphoneos iphonesimulator macosx";
				SWIFT_EMIT_LOC_STRINGS = NO;
				SWIFT_VERSION = 5.0;
				TARGETED_DEVICE_FAMILY = "1,2";
				TEST_TARGET_NAME = "TaskRatchet-iOS";
			};
			name = Debug;
		};
		D2EAF12229AB9C0000E7CADC /* Release */ = {
			isa = XCBuildConfiguration;
			buildSettings = {
				ALWAYS_EMBED_SWIFT_STANDARD_LIBRARIES = YES;
				CODE_SIGN_STYLE = Automatic;
				CURRENT_PROJECT_VERSION = 1;
				DEVELOPMENT_TEAM = 72AM66HCAX;
				GENERATE_INFOPLIST_FILE = YES;
				IPHONEOS_DEPLOYMENT_TARGET = 16.2;
				MACOSX_DEPLOYMENT_TARGET = 13.1;
				MARKETING_VERSION = 1.0;
				PRODUCT_BUNDLE_IDENTIFIER = "com.thomaswdev.TaskRatchet-iOSUITests";
				PRODUCT_NAME = "$(TARGET_NAME)";
				SDKROOT = auto;
				SUPPORTED_PLATFORMS = "iphoneos iphonesimulator macosx";
				SWIFT_EMIT_LOC_STRINGS = NO;
				SWIFT_VERSION = 5.0;
				TARGETED_DEVICE_FAMILY = "1,2";
				TEST_TARGET_NAME = "TaskRatchet-iOS";
			};
			name = Release;
		};
/* End XCBuildConfiguration section */

/* Begin XCConfigurationList section */
		D2EAF0F029AB9BFF00E7CADC /* Build configuration list for PBXProject "TaskRatchet-iOS" */ = {
			isa = XCConfigurationList;
			buildConfigurations = (
				D2EAF11829AB9C0000E7CADC /* Debug */,
				D2EAF11929AB9C0000E7CADC /* Release */,
			);
			defaultConfigurationIsVisible = 0;
			defaultConfigurationName = Release;
		};
		D2EAF11A29AB9C0000E7CADC /* Build configuration list for PBXNativeTarget "TaskRatchet-iOS" */ = {
			isa = XCConfigurationList;
			buildConfigurations = (
				D2EAF11B29AB9C0000E7CADC /* Debug */,
				D2EAF11C29AB9C0000E7CADC /* Release */,
			);
			defaultConfigurationIsVisible = 0;
			defaultConfigurationName = Release;
		};
		D2EAF11D29AB9C0000E7CADC /* Build configuration list for PBXNativeTarget "TaskRatchet-iOSTests" */ = {
			isa = XCConfigurationList;
			buildConfigurations = (
				D2EAF11E29AB9C0000E7CADC /* Debug */,
				D2EAF11F29AB9C0000E7CADC /* Release */,
			);
			defaultConfigurationIsVisible = 0;
			defaultConfigurationName = Release;
		};
		D2EAF12029AB9C0000E7CADC /* Build configuration list for PBXNativeTarget "TaskRatchet-iOSUITests" */ = {
			isa = XCConfigurationList;
			buildConfigurations = (
				D2EAF12129AB9C0000E7CADC /* Debug */,
				D2EAF12229AB9C0000E7CADC /* Release */,
			);
			defaultConfigurationIsVisible = 0;
			defaultConfigurationName = Release;
		};
/* End XCConfigurationList section */

/* Begin XCRemoteSwiftPackageReference section */
		D2EAF12629ABA61D00E7CADC /* XCRemoteSwiftPackageReference "swift-composable-architecture" */ = {
			isa = XCRemoteSwiftPackageReference;
			repositoryURL = "https://github.com/pointfreeco/swift-composable-architecture";
			requirement = {
				kind = upToNextMajorVersion;
				minimumVersion = 0.9.0;
			};
		};
/* End XCRemoteSwiftPackageReference section */

/* Begin XCSwiftPackageProductDependency section */
		D2EAF12729ABA61D00E7CADC /* ComposableArchitecture */ = {
			isa = XCSwiftPackageProductDependency;
			package = D2EAF12629ABA61D00E7CADC /* XCRemoteSwiftPackageReference "swift-composable-architecture" */;
			productName = ComposableArchitecture;
		};
/* End XCSwiftPackageProductDependency section */
	};
	rootObject = D2EAF0ED29AB9BFF00E7CADC /* Project object */;
}
